
Microsoft Visual Studio Solution File, Format Version 12.00
# Visual Studio Version 17
VisualStudioVersion = 17.2.32516.85
MinimumVisualStudioVersion = 10.0.40219.1
Project("{FAE04EC0-301F-11D3-BF4B-00C04F79EFBC}") = "KeyAuthLoaderEmulation", "KeyAuthLoaderEmulation.csproj", "{F06B21C5-C395-44B5-873A-733AE35FCA48}"
EndProject
Global
	GlobalSection(SolutionConfigurationPlatforms) = preSolution
		Debug|Any CPU = Debug|Any CPU
		Release|Any CPU = Release|Any CPU
	EndGlobalSection
	GlobalSection(ProjectConfigurationPlatforms) = postSolution
		{F06B21C5-C395-44B5-873A-733AE35FCA48}.Debug|Any CPU.ActiveCfg = Debug|Any CPU
		{F06B21C5-C395-44B5-873A-733AE35FCA48}.Debug|Any CPU.Build.0 = Debug|Any CPU
		{F06B21C5-C395-44B5-873A-733AE35FCA48}.Release|Any CPU.ActiveCfg = Release|Any CPU
		{F06B21C5-C395-44B5-873A-733AE35FCA48}.Release|Any CPU.Build.0 = Release|Any CPU
	EndGlobalSection
	GlobalSection(SolutionProperties) = preSolution
		HideSolutionNode = FALSE
	EndGlobalSection
	GlobalSection(ExtensibilityGlobals) = postSolution
		SolutionGuid = {2781140C-2962-47AA-A1F8-C2EF256DF3D7}
	EndGlobalSection
EndGlobal
